
Microsoft Visual Studio Solution File, Format Version 11.00
# Visual Studio 2010
Project("{FAE04EC0-301F-11D3-BF4B-00C04F79EFBC}") = "OnlineAuctionSystem", "OnlineAuctionSystem\OnlineAuctionSystem.csproj", "{E1314A8B-9606-4848-B2D1-10467BDD7BFB}"
EndProject
Global
	GlobalSection(SolutionConfigurationPlatforms) = preSolution
		Debug|Any CPU = Debug|Any CPU
		Release|Any CPU = Release|Any CPU
	EndGlobalSection
	GlobalSection(ProjectConfigurationPlatforms) = postSolution
		{E1314A8B-9606-4848-B2D1-10467BDD7BFB}.Debug|Any CPU.ActiveCfg = Debug|Any CPU
		{E1314A8B-9606-4848-B2D1-10467BDD7BFB}.Debug|Any CPU.Build.0 = Debug|Any CPU
		{E1314A8B-9606-4848-B2D1-10467BDD7BFB}.Release|Any CPU.ActiveCfg = Release|Any CPU
		{E1314A8B-9606-4848-B2D1-10467BDD7BFB}.Release|Any CPU.Build.0 = Release|Any CPU
	EndGlobalSection
	GlobalSection(SolutionProperties) = preSolution
		HideSolutionNode = FALSE
	EndGlobalSection
	GlobalSection(ExtensibilityGlobals) = postSolution
		VisualSVNWorkingCopyRoot = .
	EndGlobalSection
EndGlobal
